
Microsoft Visual Studio Solution File, Format Version 12.00
# Visual Studio Version 16
VisualStudioVersion = 16.0.31105.61
MinimumVisualStudioVersion = 10.0.40219.1
Project("{9A19103F-16F7-4668-BE54-9A1E7A4F7556}") = "Demo.Kubernetes.Deployment", "Demo.Kubernetes.Deployment\Demo.Kubernetes.Deployment.csproj", "{32D8E3FB-A4C5-4E13-9892-70692478FCDF}"
EndProject
Project("{E53339B2-1760-4266-BCC7-CA923CBCF16C}") = "docker-compose", "docker-compose.dcproj", "{41A63857-AB63-4971-84BE-04E7AF4ABED1}"
EndProject
Global
	GlobalSection(SolutionConfigurationPlatforms) = preSolution
		Debug|Any CPU = Debug|Any CPU
		Release|Any CPU = Release|Any CPU
	EndGlobalSection
	GlobalSection(ProjectConfigurationPlatforms) = postSolution
		{32D8E3FB-A4C5-4E13-9892-70692478FCDF}.Debug|Any CPU.ActiveCfg = Debug|Any CPU
		{32D8E3FB-A4C5-4E13-9892-70692478FCDF}.Debug|Any CPU.Build.0 = Debug|Any CPU
		{32D8E3FB-A4C5-4E13-9892-70692478FCDF}.Release|Any CPU.ActiveCfg = Release|Any CPU
		{32D8E3FB-A4C5-4E13-9892-70692478FCDF}.Release|Any CPU.Build.0 = Release|Any CPU
		{41A63857-AB63-4971-84BE-04E7AF4ABED1}.Debug|Any CPU.ActiveCfg = Debug|Any CPU
		{41A63857-AB63-4971-84BE-04E7AF4ABED1}.Debug|Any CPU.Build.0 = Debug|Any CPU
		{41A63857-AB63-4971-84BE-04E7AF4ABED1}.Release|Any CPU.ActiveCfg = Release|Any CPU
		{41A63857-AB63-4971-84BE-04E7AF4ABED1}.Release|Any CPU.Build.0 = Release|Any CPU
	EndGlobalSection
	GlobalSection(SolutionProperties) = preSolution
		HideSolutionNode = FALSE
	EndGlobalSection
	GlobalSection(ExtensibilityGlobals) = postSolution
		SolutionGuid = {5F7EB4AC-B768-4A17-B94D-37F461F72733}
	EndGlobalSection
EndGlobal
